
Microsoft Visual Studio Solution File, Format Version 12.00
# Visual Studio Version 17
VisualStudioVersion = 17.12.35707.178
MinimumVisualStudioVersion = 10.0.40219.1
Project("{FAE04EC0-301F-11D3-BF4B-00C04F79EFBC}") = "1pk2_shestakov", "1pk2_shestakov\1pk2_shestakov.csproj", "{33152821-38A6-4AA8-8A8A-B6FCFF9F574F}"
EndProject
Project("{FAE04EC0-301F-11D3-BF4B-00C04F79EFBC}") = "Task_02_02", "Task_02_02\Task_02_02.csproj", "{29BBCB29-C06D-42B8-A399-758A109D4B16}"
EndProject
Project("{FAE04EC0-301F-11D3-BF4B-00C04F79EFBC}") = "Task_02_04", "Task_02_04\Task_02_04.csproj", "{8204824A-2C3F-4E99-9A2B-08E6C052AADA}"
EndProject
Project("{2150E333-8FDC-42A3-9474-1A3956D46DE8}") = "task_02", "task_02", "{C2B50BE8-803E-46C8-B2F6-F647F8BA78BC}"
EndProject
Project("{2150E333-8FDC-42A3-9474-1A3956D46DE8}") = "Task_03", "Task_03", "{2BD23CDE-5B98-469B-B0EE-2E9E32B1841A}"
EndProject
Project("{FAE04EC0-301F-11D3-BF4B-00C04F79EFBC}") = "Task_03_04", "Task_03_04\Task_03_04.csproj", "{D26152B2-3BE3-48BB-BA4A-13CEFDB19759}"
EndProject
Project("{FAE04EC0-301F-11D3-BF4B-00C04F79EFBC}") = "Task_03_05", "Task_03_05\Task_03_05.csproj", "{01398C67-7A42-4552-961F-0776A535EAAD}"
EndProject
Project("{FAE04EC0-301F-11D3-BF4B-00C04F79EFBC}") = "Task_03_06", "Task_03_06\Task_03_06.csproj", "{C4E02704-2300-4DDA-AF67-DDCAC9F1DABD}"
EndProject
Project("{FAE04EC0-301F-11D3-BF4B-00C04F79EFBC}") = "Task_03_07", "Task_03_07\Task_03_07.csproj", "{2651F8B6-9D86-4E50-9795-2AB7CBC5F07B}"
EndProject
Project("{FAE04EC0-301F-11D3-BF4B-00C04F79EFBC}") = "Task_03_08", "Task_03_08\Task_03_08.csproj", "{E5AC832C-D911-438E-8E2B-E4D95B368BBB}"
EndProject
Project("{FAE04EC0-301F-11D3-BF4B-00C04F79EFBC}") = "Task_03_09", "Task_03_09\Task_03_09.csproj", "{5B685F11-71AB-4C28-8EA9-3B9EA8F3B170}"
EndProject
Project("{FAE04EC0-301F-11D3-BF4B-00C04F79EFBC}") = "Task_04_05", "task_04_05\Task_04_05.csproj", "{51232AF4-E0BA-40D4-BC44-8558ADD6322D}"
EndProject
Project("{FAE04EC0-301F-11D3-BF4B-00C04F79EFBC}") = "Task_04_07", "Task_04_07\Task_04_07.csproj", "{8810ECDD-45C4-47B5-9B2B-871584436286}"
EndProject
Project("{FAE04EC0-301F-11D3-BF4B-00C04F79EFBC}") = "Task_04_08", "Task_04_08\Task_04_08.csproj", "{915FB5C6-B1C2-49BE-8A93-C386333F1713}"
EndProject
Project("{FAE04EC0-301F-11D3-BF4B-00C04F79EFBC}") = "Task_04_09", "Task_04_09\Task_04_09.csproj", "{AB827009-7DF9-4D98-9E85-977086105C28}"
EndProject
Project("{FAE04EC0-301F-11D3-BF4B-00C04F79EFBC}") = "Task_04_10", "task_04_10\Task_04_10.csproj", "{7C96880C-931E-4B16-A42D-E8C5342E1157}"
EndProject
Project("{FAE04EC0-301F-11D3-BF4B-00C04F79EFBC}") = "Task_04_06", "task_04_06\Task_04_06.csproj", "{DDB40403-0693-47BF-9CE0-BB32FE07E983}"
EndProject
Project("{2150E333-8FDC-42A3-9474-1A3956D46DE8}") = "task_04", "task_04", "{1AC41C06-F234-4637-91AC-B5B29D316829}"
EndProject
Project("{2150E333-8FDC-42A3-9474-1A3956D46DE8}") = "task_05", "task_05", "{D9FADABA-E399-42AA-BB48-CC77F32A7F24}"
EndProject
Project("{FAE04EC0-301F-11D3-BF4B-00C04F79EFBC}") = "task_05_03", "task_05_03\task_05_03.csproj", "{5CDC9BDC-AE45-44C0-91E9-E742AB9DC407}"
EndProject
Project("{FAE04EC0-301F-11D3-BF4B-00C04F79EFBC}") = "task_05_06", "task_05_06\task_05_06.csproj", "{634EB1DD-7452-4C99-829B-140553F25E69}"
EndProject
Project("{FAE04EC0-301F-11D3-BF4B-00C04F79EFBC}") = "task_05_05", "task_05_05\task_05_05.csproj", "{596E3279-72AA-4BB3-B1C6-62AF288A253B}"
EndProject
Project("{FAE04EC0-301F-11D3-BF4B-00C04F79EFBC}") = "task_05_04", "task_05_04\task_05_04.csproj", "{9EE975AB-F1D2-44B7-A3B4-C93D29D50212}"
EndProject
Project("{FAE04EC0-301F-11D3-BF4B-00C04F79EFBC}") = "task_05_07", "task_05_07\task_05_07.csproj", "{ABD6022F-F719-4EDF-AB57-638746C89949}"
EndProject
Project("{FAE04EC0-301F-11D3-BF4B-00C04F79EFBC}") = "task_05_08", "task_05_08\task_05_08.csproj", "{2B3CBB18-8945-4D29-8F46-17C524B182CB}"
EndProject
Project("{FAE04EC0-301F-11D3-BF4B-00C04F79EFBC}") = "task_05_09", "task_05_09\task_05_09.csproj", "{66D86D02-1B75-4A74-9279-CC8DC228D514}"
EndProject
Project("{2150E333-8FDC-42A3-9474-1A3956D46DE8}") = "task_10", "task_10", "{EC08F2D8-5D48-45D1-B4CC-426784E0B184}"
EndProject
Project("{FAE04EC0-301F-11D3-BF4B-00C04F79EFBC}") = "Task_10_06", "Task_10_06\Task_10_06.csproj", "{A1C56BCA-CF01-4432-9A79-92F9B124F2A6}"
EndProject
Project("{FAE04EC0-301F-11D3-BF4B-00C04F79EFBC}") = "task_10_07", "task_10_07\task_10_07.csproj", "{7950D2ED-AC87-45B6-8D7B-8F3DD87B38BF}"
EndProject
Project("{FAE04EC0-301F-11D3-BF4B-00C04F79EFBC}") = "task_10_08", "task_10_08\task_10_08.csproj", "{A7943369-164C-4BF8-86E5-5FD012CE077A}"
EndProject
Project("{2150E333-8FDC-42A3-9474-1A3956D46DE8}") = "task_13", "task_13", "{EEEF3937-C328-4E3C-BD81-87D80ADF2DDB}"
EndProject
Project("{FAE04EC0-301F-11D3-BF4B-00C04F79EFBC}") = "task_13_02", "task_13_02\task_13_02.csproj", "{43139899-D052-4D68-BA61-A35AA4C859C9}"
EndProject
Project("{FAE04EC0-301F-11D3-BF4B-00C04F79EFBC}") = "task_13_03", "task_13_03\task_13_03.csproj", "{D1BCC5DE-A39D-4779-A56A-0998CBC5175A}"
EndProject
Project("{2150E333-8FDC-42A3-9474-1A3956D46DE8}") = "task_11", "task_11", "{6C717DF3-D442-4AE6-AD31-C81D7C66FF2C}"
EndProject
Project("{FAE04EC0-301F-11D3-BF4B-00C04F79EFBC}") = "task_11_01", "task_11_01\task_11_01.csproj", "{7DE825F1-9B79-47C9-AC66-5BF7551AF72D}"
EndProject
Project("{FAE04EC0-301F-11D3-BF4B-00C04F79EFBC}") = "task_11_02", "task_11_02\task_11_02.csproj", "{D31F1802-3BAC-4134-8B19-35EFA87630AD}"
EndProject
Project("{FAE04EC0-301F-11D3-BF4B-00C04F79EFBC}") = "task_11_03", "task_11_03\task_11_03.csproj", "{2A6BA645-401B-4914-B8DE-A017574A4EEB}"
EndProject
Project("{FAE04EC0-301F-11D3-BF4B-00C04F79EFBC}") = "task_11_04", "task_11_04\task_11_04.csproj", "{632C0B81-6AD5-41F3-8E96-3EF72B107ED9}"
EndProject
Project("{FAE04EC0-301F-11D3-BF4B-00C04F79EFBC}") = "task_11_05", "task_11_05\task_11_05.csproj", "{4ACAE100-1AD6-4A5F-9082-5C4A67E95C19}"
EndProject
Project("{FAE04EC0-301F-11D3-BF4B-00C04F79EFBC}") = "task_11_06", "task_11_06\task_11_06.csproj", "{DBC49961-BD43-458B-82F4-6EB070E2FA7B}"
EndProject
Project("{FAE04EC0-301F-11D3-BF4B-00C04F79EFBC}") = "task_11_07", "task_11_07\task_11_07.csproj", "{51547045-3726-455E-BBA3-B6BDD2FE6427}"
EndProject
Project("{FAE04EC0-301F-11D3-BF4B-00C04F79EFBC}") = "task_11_08", "task_11_08\task_11_08.csproj", "{29482345-F4AD-43BD-B25C-01754AD29BE6}"
EndProject
Project("{2150E333-8FDC-42A3-9474-1A3956D46DE8}") = "task_14", "task_14", "{D18E1CD1-342C-4DCE-9F6D-ABC702F845A2}"
EndProject
Project("{FAE04EC0-301F-11D3-BF4B-00C04F79EFBC}") = "Task_14_03", "Task_14_03\Task_14_03.csproj", "{7CD89D29-EB00-4B79-AE08-F90C198EA157}"
EndProject
Project("{FAE04EC0-301F-11D3-BF4B-00C04F79EFBC}") = "task_14_04", "task_14_04\task_14_04.csproj", "{BE1C5E95-3AA5-439D-BFF0-556ADE50C526}"
EndProject
Global
	GlobalSection(SolutionConfigurationPlatforms) = preSolution
		Debug|Any CPU = Debug|Any CPU
		Release|Any CPU = Release|Any CPU
	EndGlobalSection
	GlobalSection(ProjectConfigurationPlatforms) = postSolution
		{33152821-38A6-4AA8-8A8A-B6FCFF9F574F}.Debug|Any CPU.ActiveCfg = Debug|Any CPU
		{33152821-38A6-4AA8-8A8A-B6FCFF9F574F}.Debug|Any CPU.Build.0 = Debug|Any CPU
		{33152821-38A6-4AA8-8A8A-B6FCFF9F574F}.Release|Any CPU.ActiveCfg = Release|Any CPU
		{33152821-38A6-4AA8-8A8A-B6FCFF9F574F}.Release|Any CPU.Build.0 = Release|Any CPU
		{29BBCB29-C06D-42B8-A399-758A109D4B16}.Debug|Any CPU.ActiveCfg = Debug|Any CPU
		{29BBCB29-C06D-42B8-A399-758A109D4B16}.Debug|Any CPU.Build.0 = Debug|Any CPU
		{29BBCB29-C06D-42B8-A399-758A109D4B16}.Release|Any CPU.ActiveCfg = Release|Any CPU
		{29BBCB29-C06D-42B8-A399-758A109D4B16}.Release|Any CPU.Build.0 = Release|Any CPU
		{8204824A-2C3F-4E99-9A2B-08E6C052AADA}.Debug|Any CPU.ActiveCfg = Debug|Any CPU
		{8204824A-2C3F-4E99-9A2B-08E6C052AADA}.Debug|Any CPU.Build.0 = Debug|Any CPU
		{8204824A-2C3F-4E99-9A2B-08E6C052AADA}.Release|Any CPU.ActiveCfg = Release|Any CPU
		{8204824A-2C3F-4E99-9A2B-08E6C052AADA}.Release|Any CPU.Build.0 = Release|Any CPU
		{D26152B2-3BE3-48BB-BA4A-13CEFDB19759}.Debug|Any CPU.ActiveCfg = Debug|Any CPU
		{D26152B2-3BE3-48BB-BA4A-13CEFDB19759}.Debug|Any CPU.Build.0 = Debug|Any CPU
		{D26152B2-3BE3-48BB-BA4A-13CEFDB19759}.Release|Any CPU.ActiveCfg = Release|Any CPU
		{D26152B2-3BE3-48BB-BA4A-13CEFDB19759}.Release|Any CPU.Build.0 = Release|Any CPU
		{01398C67-7A42-4552-961F-0776A535EAAD}.Debug|Any CPU.ActiveCfg = Debug|Any CPU
		{01398C67-7A42-4552-961F-0776A535EAAD}.Debug|Any CPU.Build.0 = Debug|Any CPU
		{01398C67-7A42-4552-961F-0776A535EAAD}.Release|Any CPU.ActiveCfg = Release|Any CPU
		{01398C67-7A42-4552-961F-0776A535EAAD}.Release|Any CPU.Build.0 = Release|Any CPU
		{C4E02704-2300-4DDA-AF67-DDCAC9F1DABD}.Debug|Any CPU.ActiveCfg = Debug|Any CPU
		{C4E02704-2300-4DDA-AF67-DDCAC9F1DABD}.Debug|Any CPU.Build.0 = Debug|Any CPU
		{C4E02704-2300-4DDA-AF67-DDCAC9F1DABD}.Release|Any CPU.ActiveCfg = Release|Any CPU
		{C4E02704-2300-4DDA-AF67-DDCAC9F1DABD}.Release|Any CPU.Build.0 = Release|Any CPU
		{2651F8B6-9D86-4E50-9795-2AB7CBC5F07B}.Debug|Any CPU.ActiveCfg = Debug|Any CPU
		{2651F8B6-9D86-4E50-9795-2AB7CBC5F07B}.Debug|Any CPU.Build.0 = Debug|Any CPU
		{2651F8B6-9D86-4E50-9795-2AB7CBC5F07B}.Release|Any CPU.ActiveCfg = Release|Any CPU
		{2651F8B6-9D86-4E50-9795-2AB7CBC5F07B}.Release|Any CPU.Build.0 = Release|Any CPU
		{E5AC832C-D911-438E-8E2B-E4D95B368BBB}.Debug|Any CPU.ActiveCfg = Debug|Any CPU
		{E5AC832C-D911-438E-8E2B-E4D95B368BBB}.Debug|Any CPU.Build.0 = Debug|Any CPU
		{E5AC832C-D911-438E-8E2B-E4D95B368BBB}.Release|Any CPU.ActiveCfg = Release|Any CPU
		{E5AC832C-D911-438E-8E2B-E4D95B368BBB}.Release|Any CPU.Build.0 = Release|Any CPU
		{5B685F11-71AB-4C28-8EA9-3B9EA8F3B170}.Debug|Any CPU.ActiveCfg = Debug|Any CPU
		{5B685F11-71AB-4C28-8EA9-3B9EA8F3B170}.Debug|Any CPU.Build.0 = Debug|Any CPU
		{5B685F11-71AB-4C28-8EA9-3B9EA8F3B170}.Release|Any CPU.ActiveCfg = Release|Any CPU
		{5B685F11-71AB-4C28-8EA9-3B9EA8F3B170}.Release|Any CPU.Build.0 = Release|Any CPU
		{51232AF4-E0BA-40D4-BC44-8558ADD6322D}.Debug|Any CPU.ActiveCfg = Debug|Any CPU
		{51232AF4-E0BA-40D4-BC44-8558ADD6322D}.Debug|Any CPU.Build.0 = Debug|Any CPU
		{51232AF4-E0BA-40D4-BC44-8558ADD6322D}.Release|Any CPU.ActiveCfg = Release|Any CPU
		{51232AF4-E0BA-40D4-BC44-8558ADD6322D}.Release|Any CPU.Build.0 = Release|Any CPU
		{8810ECDD-45C4-47B5-9B2B-871584436286}.Debug|Any CPU.ActiveCfg = Debug|Any CPU
		{8810ECDD-45C4-47B5-9B2B-871584436286}.Debug|Any CPU.Build.0 = Debug|Any CPU
		{8810ECDD-45C4-47B5-9B2B-871584436286}.Release|Any CPU.ActiveCfg = Release|Any CPU
		{8810ECDD-45C4-47B5-9B2B-871584436286}.Release|Any CPU.Build.0 = Release|Any CPU
		{915FB5C6-B1C2-49BE-8A93-C386333F1713}.Debug|Any CPU.ActiveCfg = Debug|Any CPU
		{915FB5C6-B1C2-49BE-8A93-C386333F1713}.Debug|Any CPU.Build.0 = Debug|Any CPU
		{915FB5C6-B1C2-49BE-8A93-C386333F1713}.Release|Any CPU.ActiveCfg = Release|Any CPU
		{915FB5C6-B1C2-49BE-8A93-C386333F1713}.Release|Any CPU.Build.0 = Release|Any CPU
		{AB827009-7DF9-4D98-9E85-977086105C28}.Debug|Any CPU.ActiveCfg = Debug|Any CPU
		{AB827009-7DF9-4D98-9E85-977086105C28}.Debug|Any CPU.Build.0 = Debug|Any CPU
		{AB827009-7DF9-4D98-9E85-977086105C28}.Release|Any CPU.ActiveCfg = Release|Any CPU
		{AB827009-7DF9-4D98-9E85-977086105C28}.Release|Any CPU.Build.0 = Release|Any CPU
		{7C96880C-931E-4B16-A42D-E8C5342E1157}.Debug|Any CPU.ActiveCfg = Debug|Any CPU
		{7C96880C-931E-4B16-A42D-E8C5342E1157}.Debug|Any CPU.Build.0 = Debug|Any CPU
		{7C96880C-931E-4B16-A42D-E8C5342E1157}.Release|Any CPU.ActiveCfg = Release|Any CPU
		{7C96880C-931E-4B16-A42D-E8C5342E1157}.Release|Any CPU.Build.0 = Release|Any CPU
		{DDB40403-0693-47BF-9CE0-BB32FE07E983}.Debug|Any CPU.ActiveCfg = Debug|Any CPU
		{DDB40403-0693-47BF-9CE0-BB32FE07E983}.Debug|Any CPU.Build.0 = Debug|Any CPU
		{DDB40403-0693-47BF-9CE0-BB32FE07E983}.Release|Any CPU.ActiveCfg = Release|Any CPU
		{DDB40403-0693-47BF-9CE0-BB32FE07E983}.Release|Any CPU.Build.0 = Release|Any CPU
		{5CDC9BDC-AE45-44C0-91E9-E742AB9DC407}.Debug|Any CPU.ActiveCfg = Debug|Any CPU
		{5CDC9BDC-AE45-44C0-91E9-E742AB9DC407}.Debug|Any CPU.Build.0 = Debug|Any CPU
		{5CDC9BDC-AE45-44C0-91E9-E742AB9DC407}.Release|Any CPU.ActiveCfg = Release|Any CPU
		{5CDC9BDC-AE45-44C0-91E9-E742AB9DC407}.Release|Any CPU.Build.0 = Release|Any CPU
		{634EB1DD-7452-4C99-829B-140553F25E69}.Debug|Any CPU.ActiveCfg = Debug|Any CPU
		{634EB1DD-7452-4C99-829B-140553F25E69}.Debug|Any CPU.Build.0 = Debug|Any CPU
		{634EB1DD-7452-4C99-829B-140553F25E69}.Release|Any CPU.ActiveCfg = Release|Any CPU
		{634EB1DD-7452-4C99-829B-140553F25E69}.Release|Any CPU.Build.0 = Release|Any CPU
		{596E3279-72AA-4BB3-B1C6-62AF288A253B}.Debug|Any CPU.ActiveCfg = Debug|Any CPU
		{596E3279-72AA-4BB3-B1C6-62AF288A253B}.Debug|Any CPU.Build.0 = Debug|Any CPU
		{596E3279-72AA-4BB3-B1C6-62AF288A253B}.Release|Any CPU.ActiveCfg = Release|Any CPU
		{596E3279-72AA-4BB3-B1C6-62AF288A253B}.Release|Any CPU.Build.0 = Release|Any CPU
		{9EE975AB-F1D2-44B7-A3B4-C93D29D50212}.Debug|Any CPU.ActiveCfg = Debug|Any CPU
		{9EE975AB-F1D2-44B7-A3B4-C93D29D50212}.Debug|Any CPU.Build.0 = Debug|Any CPU
		{9EE975AB-F1D2-44B7-A3B4-C93D29D50212}.Release|Any CPU.ActiveCfg = Release|Any CPU
		{9EE975AB-F1D2-44B7-A3B4-C93D29D50212}.Release|Any CPU.Build.0 = Release|Any CPU
		{ABD6022F-F719-4EDF-AB57-638746C89949}.Debug|Any CPU.ActiveCfg = Debug|Any CPU
		{ABD6022F-F719-4EDF-AB57-638746C89949}.Debug|Any CPU.Build.0 = Debug|Any CPU
		{ABD6022F-F719-4EDF-AB57-638746C89949}.Release|Any CPU.ActiveCfg = Release|Any CPU
		{ABD6022F-F719-4EDF-AB57-638746C89949}.Release|Any CPU.Build.0 = Release|Any CPU
		{2B3CBB18-8945-4D29-8F46-17C524B182CB}.Debug|Any CPU.ActiveCfg = Debug|Any CPU
		{2B3CBB18-8945-4D29-8F46-17C524B182CB}.Debug|Any CPU.Build.0 = Debug|Any CPU
		{2B3CBB18-8945-4D29-8F46-17C524B182CB}.Release|Any CPU.ActiveCfg = Release|Any CPU
		{2B3CBB18-8945-4D29-8F46-17C524B182CB}.Release|Any CPU.Build.0 = Release|Any CPU
		{66D86D02-1B75-4A74-9279-CC8DC228D514}.Debug|Any CPU.ActiveCfg = Debug|Any CPU
		{66D86D02-1B75-4A74-9279-CC8DC228D514}.Debug|Any CPU.Build.0 = Debug|Any CPU
		{66D86D02-1B75-4A74-9279-CC8DC228D514}.Release|Any CPU.ActiveCfg = Release|Any CPU
		{66D86D02-1B75-4A74-9279-CC8DC228D514}.Release|Any CPU.Build.0 = Release|Any CPU
		{A1C56BCA-CF01-4432-9A79-92F9B124F2A6}.Debug|Any CPU.ActiveCfg = Debug|Any CPU
		{A1C56BCA-CF01-4432-9A79-92F9B124F2A6}.Debug|Any CPU.Build.0 = Debug|Any CPU
		{A1C56BCA-CF01-4432-9A79-92F9B124F2A6}.Release|Any CPU.ActiveCfg = Release|Any CPU
		{A1C56BCA-CF01-4432-9A79-92F9B124F2A6}.Release|Any CPU.Build.0 = Release|Any CPU
		{7950D2ED-AC87-45B6-8D7B-8F3DD87B38BF}.Debug|Any CPU.ActiveCfg = Debug|Any CPU
		{7950D2ED-AC87-45B6-8D7B-8F3DD87B38BF}.Debug|Any CPU.Build.0 = Debug|Any CPU
		{7950D2ED-AC87-45B6-8D7B-8F3DD87B38BF}.Release|Any CPU.ActiveCfg = Release|Any CPU
		{7950D2ED-AC87-45B6-8D7B-8F3DD87B38BF}.Release|Any CPU.Build.0 = Release|Any CPU
		{A7943369-164C-4BF8-86E5-5FD012CE077A}.Debug|Any CPU.ActiveCfg = Debug|Any CPU
		{A7943369-164C-4BF8-86E5-5FD012CE077A}.Debug|Any CPU.Build.0 = Debug|Any CPU
		{A7943369-164C-4BF8-86E5-5FD012CE077A}.Release|Any CPU.ActiveCfg = Release|Any CPU
		{A7943369-164C-4BF8-86E5-5FD012CE077A}.Release|Any CPU.Build.0 = Release|Any CPU
		{43139899-D052-4D68-BA61-A35AA4C859C9}.Debug|Any CPU.ActiveCfg = Debug|Any CPU
		{43139899-D052-4D68-BA61-A35AA4C859C9}.Debug|Any CPU.Build.0 = Debug|Any CPU
		{43139899-D052-4D68-BA61-A35AA4C859C9}.Release|Any CPU.ActiveCfg = Release|Any CPU
		{43139899-D052-4D68-BA61-A35AA4C859C9}.Release|Any CPU.Build.0 = Release|Any CPU
		{D1BCC5DE-A39D-4779-A56A-0998CBC5175A}.Debug|Any CPU.ActiveCfg = Debug|Any CPU
		{D1BCC5DE-A39D-4779-A56A-0998CBC5175A}.Debug|Any CPU.Build.0 = Debug|Any CPU
		{D1BCC5DE-A39D-4779-A56A-0998CBC5175A}.Release|Any CPU.ActiveCfg = Release|Any CPU
		{D1BCC5DE-A39D-4779-A56A-0998CBC5175A}.Release|Any CPU.Build.0 = Release|Any CPU
		{7DE825F1-9B79-47C9-AC66-5BF7551AF72D}.Debug|Any CPU.ActiveCfg = Debug|Any CPU
		{7DE825F1-9B79-47C9-AC66-5BF7551AF72D}.Debug|Any CPU.Build.0 = Debug|Any CPU
		{7DE825F1-9B79-47C9-AC66-5BF7551AF72D}.Release|Any CPU.ActiveCfg = Release|Any CPU
		{7DE825F1-9B79-47C9-AC66-5BF7551AF72D}.Release|Any CPU.Build.0 = Release|Any CPU
		{D31F1802-3BAC-4134-8B19-35EFA87630AD}.Debug|Any CPU.ActiveCfg = Debug|Any CPU
		{D31F1802-3BAC-4134-8B19-35EFA87630AD}.Debug|Any CPU.Build.0 = Debug|Any CPU
		{D31F1802-3BAC-4134-8B19-35EFA87630AD}.Release|Any CPU.ActiveCfg = Release|Any CPU
		{D31F1802-3BAC-4134-8B19-35EFA87630AD}.Release|Any CPU.Build.0 = Release|Any CPU
		{2A6BA645-401B-4914-B8DE-A017574A4EEB}.Debug|Any CPU.ActiveCfg = Debug|Any CPU
		{2A6BA645-401B-4914-B8DE-A017574A4EEB}.Debug|Any CPU.Build.0 = Debug|Any CPU
		{2A6BA645-401B-4914-B8DE-A017574A4EEB}.Release|Any CPU.ActiveCfg = Release|Any CPU
		{2A6BA645-401B-4914-B8DE-A017574A4EEB}.Release|Any CPU.Build.0 = Release|Any CPU
		{632C0B81-6AD5-41F3-8E96-3EF72B107ED9}.Debug|Any CPU.ActiveCfg = Debug|Any CPU
		{632C0B81-6AD5-41F3-8E96-3EF72B107ED9}.Debug|Any CPU.Build.0 = Debug|Any CPU
		{632C0B81-6AD5-41F3-8E96-3EF72B107ED9}.Release|Any CPU.ActiveCfg = Release|Any CPU
		{632C0B81-6AD5-41F3-8E96-3EF72B107ED9}.Release|Any CPU.Build.0 = Release|Any CPU
		{4ACAE100-1AD6-4A5F-9082-5C4A67E95C19}.Debug|Any CPU.ActiveCfg = Debug|Any CPU
		{4ACAE100-1AD6-4A5F-9082-5C4A67E95C19}.Debug|Any CPU.Build.0 = Debug|Any CPU
		{4ACAE100-1AD6-4A5F-9082-5C4A67E95C19}.Release|Any CPU.ActiveCfg = Release|Any CPU
		{4ACAE100-1AD6-4A5F-9082-5C4A67E95C19}.Release|Any CPU.Build.0 = Release|Any CPU
		{DBC49961-BD43-458B-82F4-6EB070E2FA7B}.Debug|Any CPU.ActiveCfg = Debug|Any CPU
		{DBC49961-BD43-458B-82F4-6EB070E2FA7B}.Debug|Any CPU.Build.0 = Debug|Any CPU
		{DBC49961-BD43-458B-82F4-6EB070E2FA7B}.Release|Any CPU.ActiveCfg = Release|Any CPU
		{DBC49961-BD43-458B-82F4-6EB070E2FA7B}.Release|Any CPU.Build.0 = Release|Any CPU
		{51547045-3726-455E-BBA3-B6BDD2FE6427}.Debug|Any CPU.ActiveCfg = Debug|Any CPU
		{51547045-3726-455E-BBA3-B6BDD2FE6427}.Debug|Any CPU.Build.0 = Debug|Any CPU
		{51547045-3726-455E-BBA3-B6BDD2FE6427}.Release|Any CPU.ActiveCfg = Release|Any CPU
		{51547045-3726-455E-BBA3-B6BDD2FE6427}.Release|Any CPU.Build.0 = Release|Any CPU
		{29482345-F4AD-43BD-B25C-01754AD29BE6}.Debug|Any CPU.ActiveCfg = Debug|Any CPU
		{29482345-F4AD-43BD-B25C-01754AD29BE6}.Debug|Any CPU.Build.0 = Debug|Any CPU
		{29482345-F4AD-43BD-B25C-01754AD29BE6}.Release|Any CPU.ActiveCfg = Release|Any CPU
		{29482345-F4AD-43BD-B25C-01754AD29BE6}.Release|Any CPU.Build.0 = Release|Any CPU
		{7CD89D29-EB00-4B79-AE08-F90C198EA157}.Debug|Any CPU.ActiveCfg = Debug|Any CPU
		{7CD89D29-EB00-4B79-AE08-F90C198EA157}.Debug|Any CPU.Build.0 = Debug|Any CPU
		{7CD89D29-EB00-4B79-AE08-F90C198EA157}.Release|Any CPU.ActiveCfg = Release|Any CPU
		{7CD89D29-EB00-4B79-AE08-F90C198EA157}.Release|Any CPU.Build.0 = Release|Any CPU
		{BE1C5E95-3AA5-439D-BFF0-556ADE50C526}.Debug|Any CPU.ActiveCfg = Debug|Any CPU
		{BE1C5E95-3AA5-439D-BFF0-556ADE50C526}.Debug|Any CPU.Build.0 = Debug|Any CPU
		{BE1C5E95-3AA5-439D-BFF0-556ADE50C526}.Release|Any CPU.ActiveCfg = Release|Any CPU
		{BE1C5E95-3AA5-439D-BFF0-556ADE50C526}.Release|Any CPU.Build.0 = Release|Any CPU
	EndGlobalSection
	GlobalSection(SolutionProperties) = preSolution
		HideSolutionNode = FALSE
	EndGlobalSection
	GlobalSection(NestedProjects) = preSolution
		{29BBCB29-C06D-42B8-A399-758A109D4B16} = {C2B50BE8-803E-46C8-B2F6-F647F8BA78BC}
		{8204824A-2C3F-4E99-9A2B-08E6C052AADA} = {C2B50BE8-803E-46C8-B2F6-F647F8BA78BC}
		{D26152B2-3BE3-48BB-BA4A-13CEFDB19759} = {2BD23CDE-5B98-469B-B0EE-2E9E32B1841A}
		{01398C67-7A42-4552-961F-0776A535EAAD} = {2BD23CDE-5B98-469B-B0EE-2E9E32B1841A}
		{C4E02704-2300-4DDA-AF67-DDCAC9F1DABD} = {2BD23CDE-5B98-469B-B0EE-2E9E32B1841A}
		{2651F8B6-9D86-4E50-9795-2AB7CBC5F07B} = {2BD23CDE-5B98-469B-B0EE-2E9E32B1841A}
		{E5AC832C-D911-438E-8E2B-E4D95B368BBB} = {2BD23CDE-5B98-469B-B0EE-2E9E32B1841A}
		{5B685F11-71AB-4C28-8EA9-3B9EA8F3B170} = {2BD23CDE-5B98-469B-B0EE-2E9E32B1841A}
		{51232AF4-E0BA-40D4-BC44-8558ADD6322D} = {1AC41C06-F234-4637-91AC-B5B29D316829}
		{8810ECDD-45C4-47B5-9B2B-871584436286} = {1AC41C06-F234-4637-91AC-B5B29D316829}
		{915FB5C6-B1C2-49BE-8A93-C386333F1713} = {1AC41C06-F234-4637-91AC-B5B29D316829}
		{AB827009-7DF9-4D98-9E85-977086105C28} = {1AC41C06-F234-4637-91AC-B5B29D316829}
		{7C96880C-931E-4B16-A42D-E8C5342E1157} = {1AC41C06-F234-4637-91AC-B5B29D316829}
		{DDB40403-0693-47BF-9CE0-BB32FE07E983} = {1AC41C06-F234-4637-91AC-B5B29D316829}
		{5CDC9BDC-AE45-44C0-91E9-E742AB9DC407} = {D9FADABA-E399-42AA-BB48-CC77F32A7F24}
		{634EB1DD-7452-4C99-829B-140553F25E69} = {D9FADABA-E399-42AA-BB48-CC77F32A7F24}
		{596E3279-72AA-4BB3-B1C6-62AF288A253B} = {D9FADABA-E399-42AA-BB48-CC77F32A7F24}
		{9EE975AB-F1D2-44B7-A3B4-C93D29D50212} = {D9FADABA-E399-42AA-BB48-CC77F32A7F24}
		{ABD6022F-F719-4EDF-AB57-638746C89949} = {D9FADABA-E399-42AA-BB48-CC77F32A7F24}
		{2B3CBB18-8945-4D29-8F46-17C524B182CB} = {D9FADABA-E399-42AA-BB48-CC77F32A7F24}
		{66D86D02-1B75-4A74-9279-CC8DC228D514} = {D9FADABA-E399-42AA-BB48-CC77F32A7F24}
		{A1C56BCA-CF01-4432-9A79-92F9B124F2A6} = {EC08F2D8-5D48-45D1-B4CC-426784E0B184}
		{7950D2ED-AC87-45B6-8D7B-8F3DD87B38BF} = {EC08F2D8-5D48-45D1-B4CC-426784E0B184}
		{A7943369-164C-4BF8-86E5-5FD012CE077A} = {EC08F2D8-5D48-45D1-B4CC-426784E0B184}
		{43139899-D052-4D68-BA61-A35AA4C859C9} = {EEEF3937-C328-4E3C-BD81-87D80ADF2DDB}
		{D1BCC5DE-A39D-4779-A56A-0998CBC5175A} = {EEEF3937-C328-4E3C-BD81-87D80ADF2DDB}
		{7DE825F1-9B79-47C9-AC66-5BF7551AF72D} = {6C717DF3-D442-4AE6-AD31-C81D7C66FF2C}
		{D31F1802-3BAC-4134-8B19-35EFA87630AD} = {6C717DF3-D442-4AE6-AD31-C81D7C66FF2C}
		{2A6BA645-401B-4914-B8DE-A017574A4EEB} = {6C717DF3-D442-4AE6-AD31-C81D7C66FF2C}
		{632C0B81-6AD5-41F3-8E96-3EF72B107ED9} = {6C717DF3-D442-4AE6-AD31-C81D7C66FF2C}
		{4ACAE100-1AD6-4A5F-9082-5C4A67E95C19} = {6C717DF3-D442-4AE6-AD31-C81D7C66FF2C}
		{DBC49961-BD43-458B-82F4-6EB070E2FA7B} = {6C717DF3-D442-4AE6-AD31-C81D7C66FF2C}
		{51547045-3726-455E-BBA3-B6BDD2FE6427} = {6C717DF3-D442-4AE6-AD31-C81D7C66FF2C}
		{29482345-F4AD-43BD-B25C-01754AD29BE6} = {6C717DF3-D442-4AE6-AD31-C81D7C66FF2C}
		{7CD89D29-EB00-4B79-AE08-F90C198EA157} = {D18E1CD1-342C-4DCE-9F6D-ABC702F845A2}
		{BE1C5E95-3AA5-439D-BFF0-556ADE50C526} = {D18E1CD1-342C-4DCE-9F6D-ABC702F845A2}
	EndGlobalSection
EndGlobal
