
Microsoft Visual Studio Solution File, Format Version 12.00
# Visual Studio Version 17
VisualStudioVersion = 17.12.35707.178
MinimumVisualStudioVersion = 10.0.40219.1
Project("{FAE04EC0-301F-11D3-BF4B-00C04F79EFBC}") = "1pk2_shestakov", "1pk2_shestakov\1pk2_shestakov.csproj", "{33152821-38A6-4AA8-8A8A-B6FCFF9F574F}"
EndProject
Project("{FAE04EC0-301F-11D3-BF4B-00C04F79EFBC}") = "Task_02_02", "Task_02_02\Task_02_02.csproj", "{29BBCB29-C06D-42B8-A399-758A109D4B16}"
EndProject
Project("{FAE04EC0-301F-11D3-BF4B-00C04F79EFBC}") = "Task_02_04", "Task_02_04\Task_02_04.csproj", "{8204824A-2C3F-4E99-9A2B-08E6C052AADA}"
EndProject
Project("{2150E333-8FDC-42A3-9474-1A3956D46DE8}") = "taskk_02", "taskk_02", "{C2B50BE8-803E-46C8-B2F6-F647F8BA78BC}"
EndProject
Project("{2150E333-8FDC-42A3-9474-1A3956D46DE8}") = "Task_03", "Task_03", "{2BD23CDE-5B98-469B-B0EE-2E9E32B1841A}"
EndProject
Project("{FAE04EC0-301F-11D3-BF4B-00C04F79EFBC}") = "Task_03_04", "Task_03_04\Task_03_04.csproj", "{D26152B2-3BE3-48BB-BA4A-13CEFDB19759}"
EndProject
Project("{FAE04EC0-301F-11D3-BF4B-00C04F79EFBC}") = "Task_03_05", "Task_03_05\Task_03_05.csproj", "{01398C67-7A42-4552-961F-0776A535EAAD}"
EndProject
Project("{FAE04EC0-301F-11D3-BF4B-00C04F79EFBC}") = "Task_03_06", "Task_03_06\Task_03_06.csproj", "{C4E02704-2300-4DDA-AF67-DDCAC9F1DABD}"
EndProject
Project("{FAE04EC0-301F-11D3-BF4B-00C04F79EFBC}") = "Task_03_07", "Task_03_07\Task_03_07.csproj", "{2651F8B6-9D86-4E50-9795-2AB7CBC5F07B}"
EndProject
Global
	GlobalSection(SolutionConfigurationPlatforms) = preSolution
		Debug|Any CPU = Debug|Any CPU
		Release|Any CPU = Release|Any CPU
	EndGlobalSection
	GlobalSection(ProjectConfigurationPlatforms) = postSolution
		{33152821-38A6-4AA8-8A8A-B6FCFF9F574F}.Debug|Any CPU.ActiveCfg = Debug|Any CPU
		{33152821-38A6-4AA8-8A8A-B6FCFF9F574F}.Debug|Any CPU.Build.0 = Debug|Any CPU
		{33152821-38A6-4AA8-8A8A-B6FCFF9F574F}.Release|Any CPU.ActiveCfg = Release|Any CPU
		{33152821-38A6-4AA8-8A8A-B6FCFF9F574F}.Release|Any CPU.Build.0 = Release|Any CPU
		{29BBCB29-C06D-42B8-A399-758A109D4B16}.Debug|Any CPU.ActiveCfg = Debug|Any CPU
		{29BBCB29-C06D-42B8-A399-758A109D4B16}.Debug|Any CPU.Build.0 = Debug|Any CPU
		{29BBCB29-C06D-42B8-A399-758A109D4B16}.Release|Any CPU.ActiveCfg = Release|Any CPU
		{29BBCB29-C06D-42B8-A399-758A109D4B16}.Release|Any CPU.Build.0 = Release|Any CPU
		{8204824A-2C3F-4E99-9A2B-08E6C052AADA}.Debug|Any CPU.ActiveCfg = Debug|Any CPU
		{8204824A-2C3F-4E99-9A2B-08E6C052AADA}.Debug|Any CPU.Build.0 = Debug|Any CPU
		{8204824A-2C3F-4E99-9A2B-08E6C052AADA}.Release|Any CPU.ActiveCfg = Release|Any CPU
		{8204824A-2C3F-4E99-9A2B-08E6C052AADA}.Release|Any CPU.Build.0 = Release|Any CPU
		{D26152B2-3BE3-48BB-BA4A-13CEFDB19759}.Debug|Any CPU.ActiveCfg = Debug|Any CPU
		{D26152B2-3BE3-48BB-BA4A-13CEFDB19759}.Debug|Any CPU.Build.0 = Debug|Any CPU
		{D26152B2-3BE3-48BB-BA4A-13CEFDB19759}.Release|Any CPU.ActiveCfg = Release|Any CPU
		{D26152B2-3BE3-48BB-BA4A-13CEFDB19759}.Release|Any CPU.Build.0 = Release|Any CPU
		{01398C67-7A42-4552-961F-0776A535EAAD}.Debug|Any CPU.ActiveCfg = Debug|Any CPU
		{01398C67-7A42-4552-961F-0776A535EAAD}.Debug|Any CPU.Build.0 = Debug|Any CPU
		{01398C67-7A42-4552-961F-0776A535EAAD}.Release|Any CPU.ActiveCfg = Release|Any CPU
		{01398C67-7A42-4552-961F-0776A535EAAD}.Release|Any CPU.Build.0 = Release|Any CPU
		{C4E02704-2300-4DDA-AF67-DDCAC9F1DABD}.Debug|Any CPU.ActiveCfg = Debug|Any CPU
		{C4E02704-2300-4DDA-AF67-DDCAC9F1DABD}.Debug|Any CPU.Build.0 = Debug|Any CPU
		{C4E02704-2300-4DDA-AF67-DDCAC9F1DABD}.Release|Any CPU.ActiveCfg = Release|Any CPU
		{C4E02704-2300-4DDA-AF67-DDCAC9F1DABD}.Release|Any CPU.Build.0 = Release|Any CPU
		{2651F8B6-9D86-4E50-9795-2AB7CBC5F07B}.Debug|Any CPU.ActiveCfg = Debug|Any CPU
		{2651F8B6-9D86-4E50-9795-2AB7CBC5F07B}.Debug|Any CPU.Build.0 = Debug|Any CPU
		{2651F8B6-9D86-4E50-9795-2AB7CBC5F07B}.Release|Any CPU.ActiveCfg = Release|Any CPU
		{2651F8B6-9D86-4E50-9795-2AB7CBC5F07B}.Release|Any CPU.Build.0 = Release|Any CPU
	EndGlobalSection
	GlobalSection(SolutionProperties) = preSolution
		HideSolutionNode = FALSE
	EndGlobalSection
	GlobalSection(NestedProjects) = preSolution
		{29BBCB29-C06D-42B8-A399-758A109D4B16} = {C2B50BE8-803E-46C8-B2F6-F647F8BA78BC}
		{8204824A-2C3F-4E99-9A2B-08E6C052AADA} = {C2B50BE8-803E-46C8-B2F6-F647F8BA78BC}
		{D26152B2-3BE3-48BB-BA4A-13CEFDB19759} = {2BD23CDE-5B98-469B-B0EE-2E9E32B1841A}
		{01398C67-7A42-4552-961F-0776A535EAAD} = {2BD23CDE-5B98-469B-B0EE-2E9E32B1841A}
		{C4E02704-2300-4DDA-AF67-DDCAC9F1DABD} = {2BD23CDE-5B98-469B-B0EE-2E9E32B1841A}
	EndGlobalSection
EndGlobal
